{
  "name": "naadix-public-site",
  "lockfileVersion": 3,
  "requires": true,
  "packages": {
    "": {
      "name": "naadix-public-site",
      "dependencies": {
        "whisper-web-transcriber": "0.2.5"
      },
      "engines": {
        "node": ">=20"
      }
    },
    "node_modules/whisper-web-transcriber": {
      "version": "0.2.5",
      "resolved": "https://registry.npmjs.org/whisper-web-transcriber/-/whisper-web-transcriber-0.2.5.tgz",
      "integrity": "sha512-M8u+QpBBHrSHhF25W1Dd2yO93iUeDPJIV0fzVL84nRTO8p0CkFzHkcqgnU42eFeGqW/N8eBVcQiz0MTlbV1G6g==",
      "license": "MIT"
    }
  }
}

